
Microsoft Visual Studio Solution File, Format Version 11.00
# Visual Studio 2010
Project("{FAE04EC0-301F-11D3-BF4B-00C04F79EFBC}") = "Squareup.Picasso", "Squareup.Picasso\Squareup.Picasso.csproj", "{B0FEBD81-DE31-4142-A627-9A94B104FA66}"
EndProject
Global
	GlobalSection(SolutionConfigurationPlatforms) = preSolution
		Debug|Any CPU = Debug|Any CPU
		Release|Any CPU = Release|Any CPU
	EndGlobalSection
	GlobalSection(ProjectConfigurationPlatforms) = postSolution
		{B0FEBD81-DE31-4142-A627-9A94B104FA66}.Debug|Any CPU.ActiveCfg = Debug|Any CPU
		{B0FEBD81-DE31-4142-A627-9A94B104FA66}.Debug|Any CPU.Build.0 = Debug|Any CPU
		{B0FEBD81-DE31-4142-A627-9A94B104FA66}.Release|Any CPU.ActiveCfg = Release|Any CPU
		{B0FEBD81-DE31-4142-A627-9A94B104FA66}.Release|Any CPU.Build.0 = Release|Any CPU
	EndGlobalSection
	GlobalSection(MonoDevelopProperties) = preSolution
		StartupItem = Squareup.Picasso\Squareup.Picasso.csproj
	EndGlobalSection
EndGlobal
